{
    "name": "vscode-verilog-full",
    "version": "0.4.1",
    "lockfileVersion": 3,
    "requires": true,
    "packages": {
        "": {
            "name": "vscode-verilog-full",
            "version": "0.4.1",
            "dependencies": {
                "web-tree-sitter": "^0.26.7"
            },
            "devDependencies": {
                "@types/node": "^20.x",
                "@types/vscode": "^1.85.0",
                "typescript": "^5.3.3"
            },
            "engines": {
                "vscode": "^1.85.0"
            }
        },
        "node_modules/@types/node": {
            "version": "20.19.37",
            "dev": true,
            "license": "MIT",
            "dependencies": {
                "undici-types": "~6.21.0"
            }
        },
        "node_modules/@types/vscode": {
            "version": "1.110.0",
            "dev": true,
            "license": "MIT"
        },
        "node_modules/typescript": {
            "version": "5.9.3",
            "dev": true,
            "license": "Apache-2.0",
            "bin": {
                "tsc": "bin/tsc",
                "tsserver": "bin/tsserver"
            },
            "engines": {
                "node": ">=14.17"
            }
        },
        "node_modules/undici-types": {
            "version": "6.21.0",
            "dev": true,
            "license": "MIT"
        },
        "node_modules/web-tree-sitter": {
            "version": "0.26.7",
            "resolved": "https://registry.npmjs.org/web-tree-sitter/-/web-tree-sitter-0.26.7.tgz",
            "integrity": "sha512-KiZhelTvBA/ziUHEO7Emb75cGVAq8iGZNabYaZm53Zpy50NsXyOW+xSHlwHt5CVg/TRPZBfeVLTTobF0LjFJ1w==",
            "license": "MIT"
        }
    }
}
